
Microsoft Visual Studio Solution File, Format Version 12.00
# Visual Studio 2012
Project("{FAE04EC0-301F-11D3-BF4B-00C04F79EFBC}") = "WCFTestApp", "WCFTestApp\WCFTestApp.csproj", "{C5E8111E-D081-4648-AE23-34F3483111EC}"
EndProject
Global
	GlobalSection(SolutionConfigurationPlatforms) = preSolution
		Debug|Any CPU = Debug|Any CPU
		Release|Any CPU = Release|Any CPU
	EndGlobalSection
	GlobalSection(ProjectConfigurationPlatforms) = postSolution
		{C5E8111E-D081-4648-AE23-34F3483111EC}.Debug|Any CPU.ActiveCfg = Debug|Any CPU
		{C5E8111E-D081-4648-AE23-34F3483111EC}.Debug|Any CPU.Build.0 = Debug|Any CPU
		{C5E8111E-D081-4648-AE23-34F3483111EC}.Debug|Any CPU.Deploy.0 = Debug|Any CPU
		{C5E8111E-D081-4648-AE23-34F3483111EC}.Release|Any CPU.ActiveCfg = Release|Any CPU
		{C5E8111E-D081-4648-AE23-34F3483111EC}.Release|Any CPU.Build.0 = Release|Any CPU
		{C5E8111E-D081-4648-AE23-34F3483111EC}.Release|Any CPU.Deploy.0 = Release|Any CPU
	EndGlobalSection
	GlobalSection(SolutionProperties) = preSolution
		HideSolutionNode = FALSE
	EndGlobalSection
EndGlobal
