
Microsoft Visual Studio Solution File, Format Version 12.00
# Visual Studio Express 2012 for Windows Phone
Project("{FAE04EC0-301F-11D3-BF4B-00C04F79EFBC}") = "Context and secondary", "Context and secondary\Context and secondary.csproj", "{B699043B-F3BF-4804-8CBE-1A6E64620E2C}"
EndProject
Global
	GlobalSection(SolutionConfigurationPlatforms) = preSolution
		Debug|Any CPU = Debug|Any CPU
		Release|Any CPU = Release|Any CPU
	EndGlobalSection
	GlobalSection(ProjectConfigurationPlatforms) = postSolution
		{B699043B-F3BF-4804-8CBE-1A6E64620E2C}.Debug|Any CPU.ActiveCfg = Debug|Any CPU
		{B699043B-F3BF-4804-8CBE-1A6E64620E2C}.Debug|Any CPU.Build.0 = Debug|Any CPU
		{B699043B-F3BF-4804-8CBE-1A6E64620E2C}.Debug|Any CPU.Deploy.0 = Debug|Any CPU
		{B699043B-F3BF-4804-8CBE-1A6E64620E2C}.Release|Any CPU.ActiveCfg = Release|Any CPU
		{B699043B-F3BF-4804-8CBE-1A6E64620E2C}.Release|Any CPU.Build.0 = Release|Any CPU
		{B699043B-F3BF-4804-8CBE-1A6E64620E2C}.Release|Any CPU.Deploy.0 = Release|Any CPU
	EndGlobalSection
	GlobalSection(SolutionProperties) = preSolution
		HideSolutionNode = FALSE
	EndGlobalSection
EndGlobal
